PODS:
  - KeychainSwift (20.0.0)
  - MarqueeLabel (4.0.5)
  - NotificationBannerSwift (3.1.0):
    - MarqueeLabel (~> 4.0.5)
    - SnapKit (~> 5.0.1)
  - SnapKit (5.0.1)

DEPENDENCIES:
  - KeychainSwift (~> 20.0)
  - NotificationBannerSwift (~> 3.1)

SPEC REPOS:
  trunk:
    - KeychainSwift
    - MarqueeLabel
    - NotificationBannerSwift
    - SnapKit

SPEC CHECKSUMS:
  KeychainSwift: 0ce6a4d13f7228054d1a71bb1b500448fb2ab837
  MarqueeLabel: 00cc0bcd087111dca575878b3531af980559707d
  NotificationBannerSwift: 49912a48b37e2f55d1cef4e8a38f15394f66a70a
  SnapKit: 97b92857e3df3a0c71833cce143274bf6ef8e5eb

PODFILE CHECKSUM: d54e0477d617b7694e4c9b1787785523f3b9a555

COCOAPODS: 1.11.3
